{

  "name": "web",
  "version": "1.0.0",
  "description": "Web Front-End",
  "requires": true,
  "lockfileVersion": 1,
  "dependencies": {
    "vue": {
      "version": "2.6.10",
      "resolved": "https://registry.npmjs.org/vue/-/vue-2.6.10.tgz",
      "integrity": "sha512-ImThpeNU9HbdZL3utgMCq0oiMzAkt1mcgy3/E6zWC/G6AaQoeuFdsl9nDhTDU3X1R6FK7nsIUuRACVcjI+A2GQ=="
    },
    "@types/jquery": "^3.3.29",
    "bootstrap": "^3.3.7",
    "handlebars": "^4.1.2",
    "http-server": "^0.11.1",
    "jasmine-core": "^3.4.0",
    "jquery": "^3.3.1",
    "typescript": "^3.4.4"
  }
}
